{
  "originHash" : "87e71f9d7c97c757e845935ce33a2cb12fcc726200b82ef091d4e38114a0ea75",
  "pins" : [
    {
      "identity" : "swift-argument-parser",
      "kind" : "remoteSourceControl",
      "location" : "https://github.com/apple/swift-argument-parser.git",
      "state" : {
        "revision" : "c8ed701b513cf5177118a175d85fbbbcd707ab41",
        "version" : "1.3.0"
      }
    },
    {
      "identity" : "swift-transformers",
      "kind" : "remoteSourceControl",
      "location" : "https://github.com/huggingface/swift-transformers.git",
      "state" : {
        "revision" : "4f915610451d29a05948802a140880ff37494dad",
        "version" : "0.1.6"
      }
    },
    {
      "identity" : "whisperkit",
      "kind" : "remoteSourceControl",
      "location" : "https://github.com/argmaxinc/whisperkit",
      "state" : {
        "revision" : "37e07b52961a7a4494144906b29a7ba3bfd9b1f0"
      }
    }
  ],
  "version" : 3
}
